// !$*UTF8*$!
{
	archiveVersion = 1;
	classes = {
	};
	objectVersion = 46;
	objects = {

/* Begin PBXAggregateTarget section */
		D4B286DF16D3DCAA009B806E /* MOEDictScript */ = {
			isa = PBXAggregateTarget;
			buildConfigurationList = D4B286E016D3DCAA009B806E /* Build configuration list for PBXAggregateTarget "MOEDictScript" */;
			buildPhases = (
				D4B286E316D3DCBF009B806E /* ShellScript */,
			);
			dependencies = (
			);
			name = MOEDictScript;
			productName = MOEDictScript;
		};
/* End PBXAggregateTarget section */

/* Begin PBXBuildFile section */
		D4538FD816C2BBE700330EF5 /* Settings.bundle in Resources */ = {isa = PBXBuildFile; fileRef = D4538FD716C2BBE700330EF5 /* Settings.bundle */; };
		D478A1F516C006BE001AAA77 /* UIKit.framework in Frameworks */ = {isa = PBXBuildFile; fileRef = D478A1F416C006BE001AAA77 /* UIKit.framework */; };
		D478A1F716C006BE001AAA77 /* Foundation.framework in Frameworks */ = {isa = PBXBuildFile; fileRef = D478A1F616C006BE001AAA77 /* Foundation.framework */; };
		D478A1F916C006BE001AAA77 /* CoreGraphics.framework in Frameworks */ = {isa = PBXBuildFile; fileRef = D478A1F816C006BE001AAA77 /* CoreGraphics.framework */; };
		D478A1FF16C006BF001AAA77 /* InfoPlist.strings in Resources */ = {isa = PBXBuildFile; fileRef = D478A1FD16C006BF001AAA77 /* InfoPlist.strings */; };
		D478A20116C006BF001AAA77 /* main.m in Sources */ = {isa = PBXBuildFile; fileRef = D478A20016C006BF001AAA77 /* main.m */; };
		D478A20516C006BF001AAA77 /* MDAppDelegate.m in Sources */ = {isa = PBXBuildFile; fileRef = D478A20416C006BF001AAA77 /* MDAppDelegate.m */; };
		D478A21316C006BF001AAA77 /* SenTestingKit.framework in Frameworks */ = {isa = PBXBuildFile; fileRef = D478A21216C006BF001AAA77 /* SenTestingKit.framework */; };
		D478A21416C006BF001AAA77 /* UIKit.framework in Frameworks */ = {isa = PBXBuildFile; fileRef = D478A1F416C006BE001AAA77 /* UIKit.framework */; };
		D478A21516C006BF001AAA77 /* Foundation.framework in Frameworks */ = {isa = PBXBuildFile; fileRef = D478A1F616C006BE001AAA77 /* Foundation.framework */; };
		D478A21D16C006BF001AAA77 /* InfoPlist.strings in Resources */ = {isa = PBXBuildFile; fileRef = D478A21B16C006BF001AAA77 /* InfoPlist.strings */; };
		D478A22016C006BF001AAA77 /* MOEDictTests.m in Sources */ = {isa = PBXBuildFile; fileRef = D478A21F16C006BF001AAA77 /* MOEDictTests.m */; };
		D478A22C16C007EB001AAA77 /* ObjSqliteDB.m in Sources */ = {isa = PBXBuildFile; fileRef = D478A22A16C007EB001AAA77 /* ObjSqliteDB.m */; };
		D478A22D16C007EB001AAA77 /* ObjSqliteStatement.m in Sources */ = {isa = PBXBuildFile; fileRef = D478A22B16C007EB001AAA77 /* ObjSqliteStatement.m */; };
		D478A23116C00828001AAA77 /* libsqlite3.dylib in Frameworks */ = {isa = PBXBuildFile; fileRef = D478A23016C00828001AAA77 /* libsqlite3.dylib */; };
		D478A23416C00852001AAA77 /* MDDatabase.m in Sources */ = {isa = PBXBuildFile; fileRef = D478A23316C00852001AAA77 /* MDDatabase.m */; };
		D478A23616C00973001AAA77 /* db.sqlite3 in Resources */ = {isa = PBXBuildFile; fileRef = D478A23516C00973001AAA77 /* db.sqlite3 */; };
		D478A23716C0098E001AAA77 /* ObjSqliteDB.m in Sources */ = {isa = PBXBuildFile; fileRef = D478A22A16C007EB001AAA77 /* ObjSqliteDB.m */; };
		D478A23816C0098E001AAA77 /* ObjSqliteStatement.m in Sources */ = {isa = PBXBuildFile; fileRef = D478A22B16C007EB001AAA77 /* ObjSqliteStatement.m */; };
		D478A23916C00996001AAA77 /* MDDatabase.m in Sources */ = {isa = PBXBuildFile; fileRef = D478A23316C00852001AAA77 /* MDDatabase.m */; };
		D478A23A16C00B5A001AAA77 /* libsqlite3.dylib in Frameworks */ = {isa = PBXBuildFile; fileRef = D478A23016C00828001AAA77 /* libsqlite3.dylib */; };
		D478A23B16C00B82001AAA77 /* db.sqlite3 in Resources */ = {isa = PBXBuildFile; fileRef = D478A23516C00973001AAA77 /* db.sqlite3 */; };
		D478A24F16C02806001AAA77 /* MDViewController.m in Sources */ = {isa = PBXBuildFile; fileRef = D478A24E16C02806001AAA77 /* MDViewController.m */; };
		D478A25216C0316A001AAA77 /* MDHTMLRenderer.m in Sources */ = {isa = PBXBuildFile; fileRef = D478A25116C0316A001AAA77 /* MDHTMLRenderer.m */; };
		D478EA5116C146DE008E8EFE /* MDIPadViewController.m in Sources */ = {isa = PBXBuildFile; fileRef = D478EA5016C146DE008E8EFE /* MDIPadViewController.m */; };
		D478EA5316C14FA3008E8EFE /* style.css in Resources */ = {isa = PBXBuildFile; fileRef = D478EA5216C14FA3008E8EFE /* style.css */; };
		D478EA5516C154F2008E8EFE /* style_ipad.css in Resources */ = {isa = PBXBuildFile; fileRef = D478EA5416C154F2008E8EFE /* style_ipad.css */; };
		D478EA5716C15B51008E8EFE /* QuartzCore.framework in Frameworks */ = {isa = PBXBuildFile; fileRef = D478EA5616C15B51008E8EFE /* QuartzCore.framework */; };
		D478EA5A16C1747F008E8EFE /* Localizable.strings in Resources */ = {isa = PBXBuildFile; fileRef = D478EA5816C1747F008E8EFE /* Localizable.strings */; };
		D478EA7716C2AC8F008E8EFE /* Default-568h@2x.png in Resources */ = {isa = PBXBuildFile; fileRef = D478EA6816C2AC8F008E8EFE /* Default-568h@2x.png */; };
		D478EA7816C2AC8F008E8EFE /* Default-Landscape.png in Resources */ = {isa = PBXBuildFile; fileRef = D478EA6916C2AC8F008E8EFE /* Default-Landscape.png */; };
		D478EA7916C2AC8F008E8EFE /* Default-Landscape@2x.png in Resources */ = {isa = PBXBuildFile; fileRef = D478EA6A16C2AC8F008E8EFE /* Default-Landscape@2x.png */; };
		D478EA7A16C2AC8F008E8EFE /* Default-Portrait.png in Resources */ = {isa = PBXBuildFile; fileRef = D478EA6B16C2AC8F008E8EFE /* Default-Portrait.png */; };
		D478EA7B16C2AC8F008E8EFE /* Default-Portrait@2x.png in Resources */ = {isa = PBXBuildFile; fileRef = D478EA6C16C2AC8F008E8EFE /* Default-Portrait@2x.png */; };
		D478EA7C16C2AC8F008E8EFE /* Default.png in Resources */ = {isa = PBXBuildFile; fileRef = D478EA6D16C2AC8F008E8EFE /* Default.png */; };
		D478EA7D16C2AC8F008E8EFE /* Default@2x.png in Resources */ = {isa = PBXBuildFile; fileRef = D478EA6E16C2AC8F008E8EFE /* Default@2x.png */; };
		D478EA8516C2AC8F008E8EFE /* iTunesArtwork in Resources */ = {isa = PBXBuildFile; fileRef = D478EA7616C2AC8F008E8EFE /* iTunesArtwork */; };
		D478EA9A16C2AD7A008E8EFE /* Icon-72.png in Resources */ = {isa = PBXBuildFile; fileRef = D478EA9616C2AD7A008E8EFE /* Icon-72.png */; };
		D478EA9B16C2AD7A008E8EFE /* Icon-72@2x.png in Resources */ = {isa = PBXBuildFile; fileRef = D478EA9716C2AD7A008E8EFE /* Icon-72@2x.png */; };
		D478EA9C16C2AD7A008E8EFE /* Icon.png in Resources */ = {isa = PBXBuildFile; fileRef = D478EA9816C2AD7A008E8EFE /* Icon.png */; };
		D478EA9D16C2AD7A008E8EFE /* Icon@2x.png in Resources */ = {isa = PBXBuildFile; fileRef = D478EA9916C2AD7A008E8EFE /* Icon@2x.png */; };
/* End PBXBuildFile section */

/* Begin PBXContainerItemProxy section */
		D478A21616C006BF001AAA77 /* PBXContainerItemProxy */ = {
			isa = PBXContainerItemProxy;
			containerPortal = D478A1E716C006BE001AAA77 /* Project object */;
			proxyType = 1;
			remoteGlobalIDString = D478A1EF16C006BE001AAA77;
			remoteInfo = MOEDict;
		};
		D4B286E416D3DCCD009B806E /* PBXContainerItemProxy */ = {
			isa = PBXContainerItemProxy;
			containerPortal = D478A1E716C006BE001AAA77 /* Project object */;
			proxyType = 1;
			remoteGlobalIDString = D4B286DF16D3DCAA009B806E;
			remoteInfo = MOEDictScript;
		};
/* End PBXContainerItemProxy section */

/* Begin PBXFileReference section */
		D4538FD716C2BBE700330EF5 /* Settings.bundle */ = {isa = PBXFileReference; lastKnownFileType = "wrapper.plug-in"; path = Settings.bundle; sourceTree = "<group>"; };
		D478A1F016C006BE001AAA77 /* MOEDict.app */ = {isa = PBXFileReference; explicitFileType = wrapper.application; includeInIndex = 0; path = MOEDict.app; sourceTree = BUILT_PRODUCTS_DIR; };
		D478A1F416C006BE001AAA77 /* UIKit.framework */ = {isa = PBXFileReference; lastKnownFileType = wrapper.framework; name = UIKit.framework; path = System/Library/Frameworks/UIKit.framework; sourceTree = SDKROOT; };
		D478A1F616C006BE001AAA77 /* Foundation.framework */ = {isa = PBXFileReference; lastKnownFileType = wrapper.framework; name = Foundation.framework; path = System/Library/Frameworks/Foundation.framework; sourceTree = SDKROOT; };
		D478A1F816C006BE001AAA77 /* CoreGraphics.framework */ = {isa = PBXFileReference; lastKnownFileType = wrapper.framework; name = CoreGraphics.framework; path = System/Library/Frameworks/CoreGraphics.framework; sourceTree = SDKROOT; };
		D478A1FC16C006BF001AAA77 /* MOEDict-Info.plist */ = {isa = PBXFileReference; lastKnownFileType = text.plist.xml; path = "MOEDict-Info.plist"; sourceTree = "<group>"; };
		D478A1FE16C006BF001AAA77 /* en */ = {isa = PBXFileReference; lastKnownFileType = text.plist.strings; name = en; path = en.lproj/InfoPlist.strings; sourceTree = "<group>"; };
		D478A20016C006BF001AAA77 /* main.m */ = {isa = PBXFileReference; lastKnownFileType = sourcecode.c.objc; path = main.m; sourceTree = "<group>"; };
		D478A20216C006BF001AAA77 /* MOEDict-Prefix.pch */ = {isa = PBXFileReference; lastKnownFileType = sourcecode.c.h; path = "MOEDict-Prefix.pch"; sourceTree = "<group>"; };
		D478A20316C006BF001AAA77 /* MDAppDelegate.h */ = {isa = PBXFileReference; lastKnownFileType = sourcecode.c.h; path = MDAppDelegate.h; sourceTree = "<group>"; };
		D478A20416C006BF001AAA77 /* MDAppDelegate.m */ = {isa = PBXFileReference; lastKnownFileType = sourcecode.c.objc; path = MDAppDelegate.m; sourceTree = "<group>"; };
		D478A21116C006BF001AAA77 /* MOEDictTests.octest */ = {isa = PBXFileReference; explicitFileType = wrapper.cfbundle; includeInIndex = 0; path = MOEDictTests.octest; sourceTree = BUILT_PRODUCTS_DIR; };
		D478A21216C006BF001AAA77 /* SenTestingKit.framework */ = {isa = PBXFileReference; lastKnownFileType = wrapper.framework; name = SenTestingKit.framework; path = Library/Frameworks/SenTestingKit.framework; sourceTree = DEVELOPER_DIR; };
		D478A21A16C006BF001AAA77 /* MOEDictTests-Info.plist */ = {isa = PBXFileReference; lastKnownFileType = text.plist.xml; path = "MOEDictTests-Info.plist"; sourceTree = "<group>"; };
		D478A21C16C006BF001AAA77 /* en */ = {isa = PBXFileReference; lastKnownFileType = text.plist.strings; name = en; path = en.lproj/InfoPlist.strings; sourceTree = "<group>"; };
		D478A21E16C006BF001AAA77 /* MOEDictTests.h */ = {isa = PBXFileReference; lastKnownFileType = sourcecode.c.h; path = MOEDictTests.h; sourceTree = "<group>"; };
		D478A21F16C006BF001AAA77 /* MOEDictTests.m */ = {isa = PBXFileReference; lastKnownFileType = sourcecode.c.objc; path = MOEDictTests.m; sourceTree = "<group>"; };
		D478A22A16C007EB001AAA77 /* ObjSqliteDB.m */ = {isa = PBXFileReference; fileEncoding = 4; lastKnownFileType = sourcecode.c.objc; name = ObjSqliteDB.m; path = ExternalLibraries/ObjSqlite/src/ObjSqliteDB.m; sourceTree = SOURCE_ROOT; };
		D478A22B16C007EB001AAA77 /* ObjSqliteStatement.m */ = {isa = PBXFileReference; fileEncoding = 4; lastKnownFileType = sourcecode.c.objc; name = ObjSqliteStatement.m; path = ExternalLibraries/ObjSqlite/src/ObjSqliteStatement.m; sourceTree = SOURCE_ROOT; };
		D478A22E16C007F4001AAA77 /* ObjSqliteDB.h */ = {isa = PBXFileReference; lastKnownFileType = sourcecode.c.h; name = ObjSqliteDB.h; path = ExternalLibraries/ObjSqlite/src/ObjSqlite/ObjSqliteDB.h; sourceTree = SOURCE_ROOT; };
		D478A22F16C007F4001AAA77 /* ObjSqliteStatement.h */ = {isa = PBXFileReference; lastKnownFileType = sourcecode.c.h; name = ObjSqliteStatement.h; path = ExternalLibraries/ObjSqlite/src/ObjSqlite/ObjSqliteStatement.h; sourceTree = SOURCE_ROOT; };
		D478A23016C00828001AAA77 /* libsqlite3.dylib */ = {isa = PBXFileReference; lastKnownFileType = "compiled.mach-o.dylib"; name = libsqlite3.dylib; path = usr/lib/libsqlite3.dylib; sourceTree = SDKROOT; };
		D478A23216C00852001AAA77 /* MDDatabase.h */ = {isa = PBXFileReference; fileEncoding = 4; lastKnownFileType = sourcecode.c.h; path = MDDatabase.h; sourceTree = "<group>"; };
		D478A23316C00852001AAA77 /* MDDatabase.m */ = {isa = PBXFileReference; fileEncoding = 4; lastKnownFileType = sourcecode.c.objc; path = MDDatabase.m; sourceTree = "<group>"; };
		D478A23516C00973001AAA77 /* db.sqlite3 */ = {isa = PBXFileReference; lastKnownFileType = file; path = db.sqlite3; sourceTree = "<group>"; };
		D478A24D16C02805001AAA77 /* MDViewController.h */ = {isa = PBXFileReference; fileEncoding = 4; lastKnownFileType = sourcecode.c.h; path = MDViewController.h; sourceTree = "<group>"; };
		D478A24E16C02806001AAA77 /* MDViewController.m */ = {isa = PBXFileReference; fileEncoding = 4; lastKnownFileType = sourcecode.c.objc; path = MDViewController.m; sourceTree = "<group>"; };
		D478A25016C0316A001AAA77 /* MDHTMLRenderer.h */ = {isa = PBXFileReference; fileEncoding = 4; lastKnownFileType = sourcecode.c.h; path = MDHTMLRenderer.h; sourceTree = "<group>"; };
		D478A25116C0316A001AAA77 /* MDHTMLRenderer.m */ = {isa = PBXFileReference; fileEncoding = 4; lastKnownFileType = sourcecode.c.objc; path = MDHTMLRenderer.m; sourceTree = "<group>"; };
		D478EA4F16C146DE008E8EFE /* MDIPadViewController.h */ = {isa = PBXFileReference; fileEncoding = 4; lastKnownFileType = sourcecode.c.h; path = MDIPadViewController.h; sourceTree = "<group>"; };
		D478EA5016C146DE008E8EFE /* MDIPadViewController.m */ = {isa = PBXFileReference; fileEncoding = 4; lastKnownFileType = sourcecode.c.objc; path = MDIPadViewController.m; sourceTree = "<group>"; };
		D478EA5216C14FA3008E8EFE /* style.css */ = {isa = PBXFileReference; fileEncoding = 4; lastKnownFileType = text.css; path = style.css; sourceTree = "<group>"; };
		D478EA5416C154F2008E8EFE /* style_ipad.css */ = {isa = PBXFileReference; fileEncoding = 4; lastKnownFileType = text.css; path = style_ipad.css; sourceTree = "<group>"; };
		D478EA5616C15B51008E8EFE /* QuartzCore.framework */ = {isa = PBXFileReference; lastKnownFileType = wrapper.framework; name = QuartzCore.framework; path = System/Library/Frameworks/QuartzCore.framework; sourceTree = SDKROOT; };
		D478EA5916C1747F008E8EFE /* en */ = {isa = PBXFileReference; lastKnownFileType = text.plist.strings; name = en; path = en.lproj/Localizable.strings; sourceTree = "<group>"; };
		D478EA5B16C17496008E8EFE /* zh-Hant */ = {isa = PBXFileReference; lastKnownFileType = text.plist.strings; name = "zh-Hant"; path = "zh-Hant.lproj/InfoPlist.strings"; sourceTree = "<group>"; };
		D478EA5C16C17496008E8EFE /* zh-Hant */ = {isa = PBXFileReference; lastKnownFileType = text.plist.strings; name = "zh-Hant"; path = "zh-Hant.lproj/Localizable.strings"; sourceTree = "<group>"; };
		D478EA5D16C17496008E8EFE /* zh-Hant */ = {isa = PBXFileReference; lastKnownFileType = text.plist.strings; name = "zh-Hant"; path = "zh-Hant.lproj/InfoPlist.strings"; sourceTree = "<group>"; };
		D478EA6816C2AC8F008E8EFE /* Default-568h@2x.png */ = {isa = PBXFileReference; lastKnownFileType = image.png; path = "Default-568h@2x.png"; sourceTree = "<group>"; };
		D478EA6916C2AC8F008E8EFE /* Default-Landscape.png */ = {isa = PBXFileReference; lastKnownFileType = image.png; path = "Default-Landscape.png"; sourceTree = "<group>"; };
		D478EA6A16C2AC8F008E8EFE /* Default-Landscape@2x.png */ = {isa = PBXFileReference; lastKnownFileType = image.png; path = "Default-Landscape@2x.png"; sourceTree = "<group>"; };
		D478EA6B16C2AC8F008E8EFE /* Default-Portrait.png */ = {isa = PBXFileReference; lastKnownFileType = image.png; path = "Default-Portrait.png"; sourceTree = "<group>"; };
		D478EA6C16C2AC8F008E8EFE /* Default-Portrait@2x.png */ = {isa = PBXFileReference; lastKnownFileType = image.png; path = "Default-Portrait@2x.png"; sourceTree = "<group>"; };
		D478EA6D16C2AC8F008E8EFE /* Default.png */ = {isa = PBXFileReference; lastKnownFileType = image.png; path = Default.png; sourceTree = "<group>"; };
		D478EA6E16C2AC8F008E8EFE /* Default@2x.png */ = {isa = PBXFileReference; lastKnownFileType = image.png; path = "Default@2x.png"; sourceTree = "<group>"; };
		D478EA7616C2AC8F008E8EFE /* iTunesArtwork */ = {isa = PBXFileReference; lastKnownFileType = file; path = iTunesArtwork; sourceTree = "<group>"; };
		D478EA9616C2AD7A008E8EFE /* Icon-72.png */ = {isa = PBXFileReference; lastKnownFileType = image.png; path = "Icon-72.png"; sourceTree = "<group>"; };
		D478EA9716C2AD7A008E8EFE /* Icon-72@2x.png */ = {isa = PBXFileReference; lastKnownFileType = image.png; path = "Icon-72@2x.png"; sourceTree = "<group>"; };
		D478EA9816C2AD7A008E8EFE /* Icon.png */ = {isa = PBXFileReference; lastKnownFileType = image.png; path = Icon.png; sourceTree = "<group>"; };
		D478EA9916C2AD7A008E8EFE /* Icon@2x.png */ = {isa = PBXFileReference; lastKnownFileType = image.png; path = "Icon@2x.png"; sourceTree = "<group>"; };
/* End PBXFileReference section */

/* Begin PBXFrameworksBuildPhase section */
		D478A1ED16C006BE001AAA77 /* Frameworks */ = {
			isa = PBXFrameworksBuildPhase;
			buildActionMask = 2147483647;
			files = (
				D478EA5716C15B51008E8EFE /* QuartzCore.framework in Frameworks */,
				D478A23116C00828001AAA77 /* libsqlite3.dylib in Frameworks */,
				D478A1F516C006BE001AAA77 /* UIKit.framework in Frameworks */,
				D478A1F716C006BE001AAA77 /* Foundation.framework in Frameworks */,
				D478A1F916C006BE001AAA77 /* CoreGraphics.framework in Frameworks */,
			);
			runOnlyForDeploymentPostprocessing = 0;
		};
		D478A20D16C006BF001AAA77 /* Frameworks */ = {
			isa = PBXFrameworksBuildPhase;
			buildActionMask = 2147483647;
			files = (
				D478A23A16C00B5A001AAA77 /* libsqlite3.dylib in Frameworks */,
				D478A21316C006BF001AAA77 /* SenTestingKit.framework in Frameworks */,
				D478A21416C006BF001AAA77 /* UIKit.framework in Frameworks */,
				D478A21516C006BF001AAA77 /* Foundation.framework in Frameworks */,
			);
			runOnlyForDeploymentPostprocessing = 0;
		};
/* End PBXFrameworksBuildPhase section */

/* Begin PBXGroup section */
		D4538FD916C2BBFA00330EF5 /* Classes */ = {
			isa = PBXGroup;
			children = (
				D478A20316C006BF001AAA77 /* MDAppDelegate.h */,
				D478A20416C006BF001AAA77 /* MDAppDelegate.m */,
				D478A24D16C02805001AAA77 /* MDViewController.h */,
				D478A24E16C02806001AAA77 /* MDViewController.m */,
				D478EA4F16C146DE008E8EFE /* MDIPadViewController.h */,
				D478EA5016C146DE008E8EFE /* MDIPadViewController.m */,
				D478A25016C0316A001AAA77 /* MDHTMLRenderer.h */,
				D478A25116C0316A001AAA77 /* MDHTMLRenderer.m */,
				D478A23216C00852001AAA77 /* MDDatabase.h */,
				D478A23316C00852001AAA77 /* MDDatabase.m */,
			);
			name = Classes;
			sourceTree = "<group>";
		};
		D478A1E516C006BE001AAA77 = {
			isa = PBXGroup;
			children = (
				D478A1FA16C006BE001AAA77 /* MOEDict */,
				D478A21816C006BF001AAA77 /* MOEDictTests */,
				D478A1F316C006BE001AAA77 /* Frameworks */,
				D478A1F116C006BE001AAA77 /* Products */,
			);
			sourceTree = "<group>";
		};
		D478A1F116C006BE001AAA77 /* Products */ = {
			isa = PBXGroup;
			children = (
				D478A1F016C006BE001AAA77 /* MOEDict.app */,
				D478A21116C006BF001AAA77 /* MOEDictTests.octest */,
			);
			name = Products;
			sourceTree = "<group>";
		};
		D478A1F316C006BE001AAA77 /* Frameworks */ = {
			isa = PBXGroup;
			children = (
				D478A23016C00828001AAA77 /* libsqlite3.dylib */,
				D478EA5616C15B51008E8EFE /* QuartzCore.framework */,
				D478A1F416C006BE001AAA77 /* UIKit.framework */,
				D478A1F616C006BE001AAA77 /* Foundation.framework */,
				D478A1F816C006BE001AAA77 /* CoreGraphics.framework */,
				D478A21216C006BF001AAA77 /* SenTestingKit.framework */,
			);
			name = Frameworks;
			sourceTree = "<group>";
		};
		D478A1FA16C006BE001AAA77 /* MOEDict */ = {
			isa = PBXGroup;
			children = (
				D4538FD916C2BBFA00330EF5 /* Classes */,
				D478A22916C007DC001AAA77 /* External Libraries */,
				D478A1FB16C006BF001AAA77 /* Supporting Files */,
			);
			path = MOEDict;
			sourceTree = "<group>";
		};
		D478A1FB16C006BF001AAA77 /* Supporting Files */ = {
			isa = PBXGroup;
			children = (
				D4538FD716C2BBE700330EF5 /* Settings.bundle */,
				D478EA6716C2AC8F008E8EFE /* Images */,
				D478A23516C00973001AAA77 /* db.sqlite3 */,
				D478EA5216C14FA3008E8EFE /* style.css */,
				D478EA5416C154F2008E8EFE /* style_ipad.css */,
				D478A1FC16C006BF001AAA77 /* MOEDict-Info.plist */,
				D478A1FD16C006BF001AAA77 /* InfoPlist.strings */,
				D478EA5816C1747F008E8EFE /* Localizable.strings */,
				D478A20016C006BF001AAA77 /* main.m */,
				D478A20216C006BF001AAA77 /* MOEDict-Prefix.pch */,
			);
			name = "Supporting Files";
			sourceTree = "<group>";
		};
		D478A21816C006BF001AAA77 /* MOEDictTests */ = {
			isa = PBXGroup;
			children = (
				D478A21E16C006BF001AAA77 /* MOEDictTests.h */,
				D478A21F16C006BF001AAA77 /* MOEDictTests.m */,
				D478A21916C006BF001AAA77 /* Supporting Files */,
			);
			path = MOEDictTests;
			sourceTree = "<group>";
		};
		D478A21916C006BF001AAA77 /* Supporting Files */ = {
			isa = PBXGroup;
			children = (
				D478A21A16C006BF001AAA77 /* MOEDictTests-Info.plist */,
				D478A21B16C006BF001AAA77 /* InfoPlist.strings */,
			);
			name = "Supporting Files";
			sourceTree = "<group>";
		};
		D478A22916C007DC001AAA77 /* External Libraries */ = {
			isa = PBXGroup;
			children = (
				D478A22E16C007F4001AAA77 /* ObjSqliteDB.h */,
				D478A22F16C007F4001AAA77 /* ObjSqliteStatement.h */,
				D478A22A16C007EB001AAA77 /* ObjSqliteDB.m */,
				D478A22B16C007EB001AAA77 /* ObjSqliteStatement.m */,
			);
			name = "External Libraries";
			sourceTree = "<group>";
		};
		D478EA6716C2AC8F008E8EFE /* Images */ = {
			isa = PBXGroup;
			children = (
				D478EA9616C2AD7A008E8EFE /* Icon-72.png */,
				D478EA9716C2AD7A008E8EFE /* Icon-72@2x.png */,
				D478EA9816C2AD7A008E8EFE /* Icon.png */,
				D478EA9916C2AD7A008E8EFE /* Icon@2x.png */,
				D478EA6816C2AC8F008E8EFE /* Default-568h@2x.png */,
				D478EA6916C2AC8F008E8EFE /* Default-Landscape.png */,
				D478EA6A16C2AC8F008E8EFE /* Default-Landscape@2x.png */,
				D478EA6B16C2AC8F008E8EFE /* Default-Portrait.png */,
				D478EA6C16C2AC8F008E8EFE /* Default-Portrait@2x.png */,
				D478EA6D16C2AC8F008E8EFE /* Default.png */,
				D478EA6E16C2AC8F008E8EFE /* Default@2x.png */,
				D478EA7616C2AC8F008E8EFE /* iTunesArtwork */,
			);
			path = Images;
			sourceTree = "<group>";
		};
/* End PBXGroup section */

/* Begin PBXNativeTarget section */
		D478A1EF16C006BE001AAA77 /* MOEDict */ = {
			isa = PBXNativeTarget;
			buildConfigurationList = D478A22316C006BF001AAA77 /* Build configuration list for PBXNativeTarget "MOEDict" */;
			buildPhases = (
				D478A1EC16C006BE001AAA77 /* Sources */,
				D478A1ED16C006BE001AAA77 /* Frameworks */,
				D478A1EE16C006BE001AAA77 /* Resources */,
			);
			buildRules = (
			);
			dependencies = (
				D4B286E516D3DCCD009B806E /* PBXTargetDependency */,
			);
			name = MOEDict;
			productName = MOEDict;
			productReference = D478A1F016C006BE001AAA77 /* MOEDict.app */;
			productType = "com.apple.product-type.application";
		};
		D478A21016C006BF001AAA77 /* MOEDictTests */ = {
			isa = PBXNativeTarget;
			buildConfigurationList = D478A22616C006BF001AAA77 /* Build configuration list for PBXNativeTarget "MOEDictTests" */;
			buildPhases = (
				D478A20C16C006BF001AAA77 /* Sources */,
				D478A20D16C006BF001AAA77 /* Frameworks */,
				D478A20E16C006BF001AAA77 /* Resources */,
				D478A20F16C006BF001AAA77 /* ShellScript */,
			);
			buildRules = (
			);
			dependencies = (
				D478A21716C006BF001AAA77 /* PBXTargetDependency */,
			);
			name = MOEDictTests;
			productName = MOEDictTests;
			productReference = D478A21116C006BF001AAA77 /* MOEDictTests.octest */;
			productType = "com.apple.product-type.bundle";
		};
/* End PBXNativeTarget section */

/* Begin PBXProject section */
		D478A1E716C006BE001AAA77 /* Project object */ = {
			isa = PBXProject;
			attributes = {
				CLASSPREFIX = MD;
				LastUpgradeCheck = 0450;
				ORGANIZATIONNAME = zonble;
			};
			buildConfigurationList = D478A1EA16C006BE001AAA77 /* Build configuration list for PBXProject "MOEDict" */;
			compatibilityVersion = "Xcode 3.2";
			developmentRegion = English;
			hasScannedForEncodings = 0;
			knownRegions = (
				en,
				"zh-Hant",
			);
			mainGroup = D478A1E516C006BE001AAA77;
			productRefGroup = D478A1F116C006BE001AAA77 /* Products */;
			projectDirPath = "";
			projectRoot = "";
			targets = (
				D4B286DF16D3DCAA009B806E /* MOEDictScript */,
				D478A1EF16C006BE001AAA77 /* MOEDict */,
				D478A21016C006BF001AAA77 /* MOEDictTests */,
			);
		};
/* End PBXProject section */

/* Begin PBXResourcesBuildPhase section */
		D478A1EE16C006BE001AAA77 /* Resources */ = {
			isa = PBXResourcesBuildPhase;
			buildActionMask = 2147483647;
			files = (
				D478A1FF16C006BF001AAA77 /* InfoPlist.strings in Resources */,
				D478A23616C00973001AAA77 /* db.sqlite3 in Resources */,
				D478EA5316C14FA3008E8EFE /* style.css in Resources */,
				D478EA5516C154F2008E8EFE /* style_ipad.css in Resources */,
				D478EA5A16C1747F008E8EFE /* Localizable.strings in Resources */,
				D478EA7716C2AC8F008E8EFE /* Default-568h@2x.png in Resources */,
				D478EA7816C2AC8F008E8EFE /* Default-Landscape.png in Resources */,
				D478EA7916C2AC8F008E8EFE /* Default-Landscape@2x.png in Resources */,
				D478EA7A16C2AC8F008E8EFE /* Default-Portrait.png in Resources */,
				D478EA7B16C2AC8F008E8EFE /* Default-Portrait@2x.png in Resources */,
				D478EA7C16C2AC8F008E8EFE /* Default.png in Resources */,
				D478EA7D16C2AC8F008E8EFE /* Default@2x.png in Resources */,
				D478EA8516C2AC8F008E8EFE /* iTunesArtwork in Resources */,
				D478EA9A16C2AD7A008E8EFE /* Icon-72.png in Resources */,
				D478EA9B16C2AD7A008E8EFE /* Icon-72@2x.png in Resources */,
				D478EA9C16C2AD7A008E8EFE /* Icon.png in Resources */,
				D478EA9D16C2AD7A008E8EFE /* Icon@2x.png in Resources */,
				D4538FD816C2BBE700330EF5 /* Settings.bundle in Resources */,
			);
			runOnlyForDeploymentPostprocessing = 0;
		};
		D478A20E16C006BF001AAA77 /* Resources */ = {
			isa = PBXResourcesBuildPhase;
			buildActionMask = 2147483647;
			files = (
				D478A21D16C006BF001AAA77 /* InfoPlist.strings in Resources */,
				D478A23B16C00B82001AAA77 /* db.sqlite3 in Resources */,
			);
			runOnlyForDeploymentPostprocessing = 0;
		};
/* End PBXResourcesBuildPhase section */

/* Begin PBXShellScriptBuildPhase section */
		D478A20F16C006BF001AAA77 /* ShellScript */ = {
			isa = PBXShellScriptBuildPhase;
			buildActionMask = 2147483647;
			files = (
			);
			inputPaths = (
			);
			outputPaths = (
			);
			runOnlyForDeploymentPostprocessing = 0;
			shellPath = /bin/sh;
			shellScript = "# Run the unit tests in this test bundle.\n\"${SYSTEM_DEVELOPER_DIR}/Tools/RunUnitTests\"\n";
		};
		D4B286E316D3DCBF009B806E /* ShellScript */ = {
			isa = PBXShellScriptBuildPhase;
			buildActionMask = 2147483647;
			files = (
			);
			inputPaths = (
			);
			outputPaths = (
			);
			runOnlyForDeploymentPostprocessing = 0;
			shellPath = /bin/sh;
			shellScript = "if [ -f '/usr/bin/git' ]\nthen\nGIT_VERSION=$(/usr/bin/git log --format='%h' -1)\nfi\n\nif [ -f '/usr/local/git/bin/git' ]\nthen\nGIT_VERSION=$(/usr/local/git/bin/git log --format='%h' -1)\nfi\n\necho \"#define GIT_VERSION ${GIT_VERSION}\" > InfoPlist.h";
		};
/* End PBXShellScriptBuildPhase section */

/* Begin PBXSourcesBuildPhase section */
		D478A1EC16C006BE001AAA77 /* Sources */ = {
			isa = PBXSourcesBuildPhase;
			buildActionMask = 2147483647;
			files = (
				D478A20116C006BF001AAA77 /* main.m in Sources */,
				D478A20516C006BF001AAA77 /* MDAppDelegate.m in Sources */,
				D478A22C16C007EB001AAA77 /* ObjSqliteDB.m in Sources */,
				D478A22D16C007EB001AAA77 /* ObjSqliteStatement.m in Sources */,
				D478A23416C00852001AAA77 /* MDDatabase.m in Sources */,
				D478A24F16C02806001AAA77 /* MDViewController.m in Sources */,
				D478A25216C0316A001AAA77 /* MDHTMLRenderer.m in Sources */,
				D478EA5116C146DE008E8EFE /* MDIPadViewController.m in Sources */,
			);
			runOnlyForDeploymentPostprocessing = 0;
		};
		D478A20C16C006BF001AAA77 /* Sources */ = {
			isa = PBXSourcesBuildPhase;
			buildActionMask = 2147483647;
			files = (
				D478A22016C006BF001AAA77 /* MOEDictTests.m in Sources */,
				D478A23716C0098E001AAA77 /* ObjSqliteDB.m in Sources */,
				D478A23816C0098E001AAA77 /* ObjSqliteStatement.m in Sources */,
				D478A23916C00996001AAA77 /* MDDatabase.m in Sources */,
			);
			runOnlyForDeploymentPostprocessing = 0;
		};
/* End PBXSourcesBuildPhase section */

/* Begin PBXTargetDependency section */
		D478A21716C006BF001AAA77 /* PBXTargetDependency */ = {
			isa = PBXTargetDependency;
			target = D478A1EF16C006BE001AAA77 /* MOEDict */;
			targetProxy = D478A21616C006BF001AAA77 /* PBXContainerItemProxy */;
		};
		D4B286E516D3DCCD009B806E /* PBXTargetDependency */ = {
			isa = PBXTargetDependency;
			target = D4B286DF16D3DCAA009B806E /* MOEDictScript */;
			targetProxy = D4B286E416D3DCCD009B806E /* PBXContainerItemProxy */;
		};
/* End PBXTargetDependency section */

/* Begin PBXVariantGroup section */
		D478A1FD16C006BF001AAA77 /* InfoPlist.strings */ = {
			isa = PBXVariantGroup;
			children = (
				D478A1FE16C006BF001AAA77 /* en */,
				D478EA5B16C17496008E8EFE /* zh-Hant */,
			);
			name = InfoPlist.strings;
			sourceTree = "<group>";
		};
		D478A21B16C006BF001AAA77 /* InfoPlist.strings */ = {
			isa = PBXVariantGroup;
			children = (
				D478A21C16C006BF001AAA77 /* en */,
				D478EA5D16C17496008E8EFE /* zh-Hant */,
			);
			name = InfoPlist.strings;
			sourceTree = "<group>";
		};
		D478EA5816C1747F008E8EFE /* Localizable.strings */ = {
			isa = PBXVariantGroup;
			children = (
				D478EA5916C1747F008E8EFE /* en */,
				D478EA5C16C17496008E8EFE /* zh-Hant */,
			);
			name = Localizable.strings;
			sourceTree = "<group>";
		};
/* End PBXVariantGroup section */

/* Begin XCBuildConfiguration section */
		D478A22116C006BF001AAA77 /* Debug */ = {
			isa = XCBuildConfiguration;
			buildSettings = {
				ALWAYS_SEARCH_USER_PATHS = NO;
				CLANG_CXX_LANGUAGE_STANDARD = "gnu++0x";
				CLANG_CXX_LIBRARY = "libc++";
				CLANG_WARN_EMPTY_BODY = YES;
				CLANG_WARN__DUPLICATE_METHOD_MATCH = YES;
				"CODE_SIGN_IDENTITY[sdk=iphoneos*]" = "iPhone Developer";
				COPY_PHASE_STRIP = NO;
				GCC_C_LANGUAGE_STANDARD = gnu99;
				GCC_DYNAMIC_NO_PIC = NO;
				GCC_OPTIMIZATION_LEVEL = 0;
				GCC_PREPROCESSOR_DEFINITIONS = (
					"DEBUG=1",
					"$(inherited)",
				);
				GCC_SYMBOLS_PRIVATE_EXTERN = NO;
				GCC_WARN_ABOUT_RETURN_TYPE = YES;
				GCC_WARN_UNINITIALIZED_AUTOS = YES;
				GCC_WARN_UNUSED_VARIABLE = YES;
				IPHONEOS_DEPLOYMENT_TARGET = 6.0;
				SDKROOT = iphoneos;
			};
			name = Debug;
		};
		D478A22216C006BF001AAA77 /* Release */ = {
			isa = XCBuildConfiguration;
			buildSettings = {
				ALWAYS_SEARCH_USER_PATHS = NO;
				CLANG_CXX_LANGUAGE_STANDARD = "gnu++0x";
				CLANG_CXX_LIBRARY = "libc++";
				CLANG_WARN_EMPTY_BODY = YES;
				CLANG_WARN__DUPLICATE_METHOD_MATCH = YES;
				"CODE_SIGN_IDENTITY[sdk=iphoneos*]" = "iPhone Developer";
				COPY_PHASE_STRIP = YES;
				GCC_C_LANGUAGE_STANDARD = gnu99;
				GCC_WARN_ABOUT_RETURN_TYPE = YES;
				GCC_WARN_UNINITIALIZED_AUTOS = YES;
				GCC_WARN_UNUSED_VARIABLE = YES;
				IPHONEOS_DEPLOYMENT_TARGET = 6.0;
				OTHER_CFLAGS = "-DNS_BLOCK_ASSERTIONS=1";
				SDKROOT = iphoneos;
				VALIDATE_PRODUCT = YES;
			};
			name = Release;
		};
		D478A22416C006BF001AAA77 /* Debug */ = {
			isa = XCBuildConfiguration;
			buildSettings = {
				GCC_PRECOMPILE_PREFIX_HEADER = YES;
				GCC_PREFIX_HEADER = "MOEDict/MOEDict-Prefix.pch";
				INFOPLIST_FILE = "MOEDict/MOEDict-Info.plist";
				INFOPLIST_PREFIX_HEADER = InfoPlist.h;
				INFOPLIST_PREPROCESS = YES;
				IPHONEOS_DEPLOYMENT_TARGET = 6.0;
				PRODUCT_NAME = MOEDict;
				TARGETED_DEVICE_FAMILY = "1,2";
				WRAPPER_EXTENSION = app;
			};
			name = Debug;
		};
		D478A22516C006BF001AAA77 /* Release */ = {
			isa = XCBuildConfiguration;
			buildSettings = {
				GCC_PRECOMPILE_PREFIX_HEADER = YES;
				GCC_PREFIX_HEADER = "MOEDict/MOEDict-Prefix.pch";
				INFOPLIST_FILE = "MOEDict/MOEDict-Info.plist";
				INFOPLIST_PREFIX_HEADER = InfoPlist.h;
				INFOPLIST_PREPROCESS = YES;
				IPHONEOS_DEPLOYMENT_TARGET = 6.0;
				PRODUCT_NAME = MOEDict;
				TARGETED_DEVICE_FAMILY = "1,2";
				WRAPPER_EXTENSION = app;
			};
			name = Release;
		};
		D478A22716C006BF001AAA77 /* Debug */ = {
			isa = XCBuildConfiguration;
			buildSettings = {
				BUNDLE_LOADER = "$(BUILT_PRODUCTS_DIR)/MOEDict.app/MOEDict";
				FRAMEWORK_SEARCH_PATHS = (
					"\"$(SDKROOT)/Developer/Library/Frameworks\"",
					"\"$(DEVELOPER_LIBRARY_DIR)/Frameworks\"",
				);
				GCC_PRECOMPILE_PREFIX_HEADER = YES;
				GCC_PREFIX_HEADER = "MOEDict/MOEDict-Prefix.pch";
				INFOPLIST_FILE = "MOEDictTests/MOEDictTests-Info.plist";
				PRODUCT_NAME = "$(TARGET_NAME)";
				TEST_HOST = "$(BUNDLE_LOADER)";
				WRAPPER_EXTENSION = octest;
			};
			name = Debug;
		};
		D478A22816C006BF001AAA77 /* Release */ = {
			isa = XCBuildConfiguration;
			buildSettings = {
				BUNDLE_LOADER = "$(BUILT_PRODUCTS_DIR)/MOEDict.app/MOEDict";
				FRAMEWORK_SEARCH_PATHS = (
					"\"$(SDKROOT)/Developer/Library/Frameworks\"",
					"\"$(DEVELOPER_LIBRARY_DIR)/Frameworks\"",
				);
				GCC_PRECOMPILE_PREFIX_HEADER = YES;
				GCC_PREFIX_HEADER = "MOEDict/MOEDict-Prefix.pch";
				INFOPLIST_FILE = "MOEDictTests/MOEDictTests-Info.plist";
				PRODUCT_NAME = "$(TARGET_NAME)";
				TEST_HOST = "$(BUNDLE_LOADER)";
				WRAPPER_EXTENSION = octest;
			};
			name = Release;
		};
		D4B286E116D3DCAA009B806E /* Debug */ = {
			isa = XCBuildConfiguration;
			buildSettings = {
				PRODUCT_NAME = "$(TARGET_NAME)";
			};
			name = Debug;
		};
		D4B286E216D3DCAA009B806E /* Release */ = {
			isa = XCBuildConfiguration;
			buildSettings = {
				PRODUCT_NAME = "$(TARGET_NAME)";
			};
			name = Release;
		};
/* End XCBuildConfiguration section */

/* Begin XCConfigurationList section */
		D478A1EA16C006BE001AAA77 /* Build configuration list for PBXProject "MOEDict" */ = {
			isa = XCConfigurationList;
			buildConfigurations = (
				D478A22116C006BF001AAA77 /* Debug */,
				D478A22216C006BF001AAA77 /* Release */,
			);
			defaultConfigurationIsVisible = 0;
			defaultConfigurationName = Release;
		};
		D478A22316C006BF001AAA77 /* Build configuration list for PBXNativeTarget "MOEDict" */ = {
			isa = XCConfigurationList;
			buildConfigurations = (
				D478A22416C006BF001AAA77 /* Debug */,
				D478A22516C006BF001AAA77 /* Release */,
			);
			defaultConfigurationIsVisible = 0;
			defaultConfigurationName = Release;
		};
		D478A22616C006BF001AAA77 /* Build configuration list for PBXNativeTarget "MOEDictTests" */ = {
			isa = XCConfigurationList;
			buildConfigurations = (
				D478A22716C006BF001AAA77 /* Debug */,
				D478A22816C006BF001AAA77 /* Release */,
			);
			defaultConfigurationIsVisible = 0;
			defaultConfigurationName = Release;
		};
		D4B286E016D3DCAA009B806E /* Build configuration list for PBXAggregateTarget "MOEDictScript" */ = {
			isa = XCConfigurationList;
			buildConfigurations = (
				D4B286E116D3DCAA009B806E /* Debug */,
				D4B286E216D3DCAA009B806E /* Release */,
			);
			defaultConfigurationIsVisible = 0;
		};
/* End XCConfigurationList section */
	};
	rootObject = D478A1E716C006BE001AAA77 /* Project object */;
}
